// !$*UTF8*$!
{
	archiveVersion = 1;
	classes = {
	};
	objectVersion = 55;
	objects = {

/* Begin PBXBuildFile section */
		366F1E1E297326EA00565783 /* WorkflowApp.swift in Sources */ = {isa = PBXBuildFile; fileRef = 366F1E1D297326EA00565783 /* WorkflowApp.swift */; };
		366F1E20297326EA00565783 /* ContentView.swift in Sources */ = {isa = PBXBuildFile; fileRef = 366F1E1F297326EA00565783 /* ContentView.swift */; };
		366F1E22297326ED00565783 /* Assets.xcassets in Resources */ = {isa = PBXBuildFile; fileRef = 366F1E21297326ED00565783 /* Assets.xcassets */; };
		366F1E25297326ED00565783 /* Preview Assets.xcassets in Resources */ = {isa = PBXBuildFile; fileRef = 366F1E24297326ED00565783 /* Preview Assets.xcassets */; };
		366F1E2F297326ED00565783 /* WorkflowTests.swift in Sources */ = {isa = PBXBuildFile; fileRef = 366F1E2E297326ED00565783 /* WorkflowTests.swift */; };
		366F1E39297326ED00565783 /* WorkflowUITests.swift in Sources */ = {isa = PBXBuildFile; fileRef = 366F1E38297326ED00565783 /* WorkflowUITests.swift */; };
		366F1E3B297326ED00565783 /* WorkflowUITestsLaunchTests.swift in Sources */ = {isa = PBXBuildFile; fileRef = 366F1E3A297326ED00565783 /* WorkflowUITestsLaunchTests.swift */; };
/* End PBXBuildFile section */

/* Begin PBXContainerItemProxy section */
		366F1E2B297326ED00565783 /* PBXContainerItemProxy */ = {
			isa = PBXContainerItemProxy;
			containerPortal = 366F1E12297326EA00565783 /* Project object */;
			proxyType = 1;
			remoteGlobalIDString = 366F1E19297326EA00565783;
			remoteInfo = Workflow;
		};
		366F1E35297326ED00565783 /* PBXContainerItemProxy */ = {
			isa = PBXContainerItemProxy;
			containerPortal = 366F1E12297326EA00565783 /* Project object */;
			proxyType = 1;
			remoteGlobalIDString = 366F1E19297326EA00565783;
			remoteInfo = Workflow;
		};
/* End PBXContainerItemProxy section */

/* Begin PBXFileReference section */
		366F1E1A297326EA00565783 /* Workflow.app */ = {isa = PBXFileReference; explicitFileType = wrapper.application; includeInIndex = 0; path = Workflow.app; sourceTree = BUILT_PRODUCTS_DIR; };
		366F1E1D297326EA00565783 /* WorkflowApp.swift */ = {isa = PBXFileReference; lastKnownFileType = sourcecode.swift; path = WorkflowApp.swift; sourceTree = "<group>"; };
		366F1E1F297326EA00565783 /* ContentView.swift */ = {isa = PBXFileReference; lastKnownFileType = sourcecode.swift; path = ContentView.swift; sourceTree = "<group>"; };
		366F1E21297326ED00565783 /* Assets.xcassets */ = {isa = PBXFileReference; lastKnownFileType = folder.assetcatalog; path = Assets.xcassets; sourceTree = "<group>"; };
		366F1E24297326ED00565783 /* Preview Assets.xcassets */ = {isa = PBXFileReference; lastKnownFileType = folder.assetcatalog; path = "Preview Assets.xcassets"; sourceTree = "<group>"; };
		366F1E2A297326ED00565783 /* WorkflowTests.xctest */ = {isa = PBXFileReference; explicitFileType = wrapper.cfbundle; includeInIndex = 0; path = WorkflowTests.xctest; sourceTree = BUILT_PRODUCTS_DIR; };
		366F1E2E297326ED00565783 /* WorkflowTests.swift */ = {isa = PBXFileReference; lastKnownFileType = sourcecode.swift; path = WorkflowTests.swift; sourceTree = "<group>"; };
		366F1E34297326ED00565783 /* WorkflowUITests.xctest */ = {isa = PBXFileReference; explicitFileType = wrapper.cfbundle; includeInIndex = 0; path = WorkflowUITests.xctest; sourceTree = BUILT_PRODUCTS_DIR; };
		366F1E38297326ED00565783 /* WorkflowUITests.swift */ = {isa = PBXFileReference; lastKnownFileType = sourcecode.swift; path = WorkflowUITests.swift; sourceTree = "<group>"; };
		366F1E3A297326ED00565783 /* WorkflowUITestsLaunchTests.swift */ = {isa = PBXFileReference; lastKnownFileType = sourcecode.swift; path = WorkflowUITestsLaunchTests.swift; sourceTree = "<group>"; };
/* End PBXFileReference section */

/* Begin PBXFrameworksBuildPhase section */
		366F1E17297326EA00565783 /* Frameworks */ = {
			isa = PBXFrameworksBuildPhase;
			buildActionMask = 2147483647;
			files = (
			);
			runOnlyForDeploymentPostprocessing = 0;
		};
		366F1E27297326ED00565783 /* Frameworks */ = {
			isa = PBXFrameworksBuildPhase;
			buildActionMask = 2147483647;
			files = (
			);
			runOnlyForDeploymentPostprocessing = 0;
		};
		366F1E31297326ED00565783 /* Frameworks */ = {
			isa = PBXFrameworksBuildPhase;
			buildActionMask = 2147483647;
			files = (
			);
			runOnlyForDeploymentPostprocessing = 0;
		};
/* End PBXFrameworksBuildPhase section */

/* Begin PBXGroup section */
		366F1E11297326EA00565783 = {
			isa = PBXGroup;
			children = (
				366F1E1C297326EA00565783 /* Workflow */,
				366F1E2D297326ED00565783 /* WorkflowTests */,
				366F1E37297326ED00565783 /* WorkflowUITests */,
				366F1E1B297326EA00565783 /* Products */,
			);
			sourceTree = "<group>";
		};
		366F1E1B297326EA00565783 /* Products */ = {
			isa = PBXGroup;
			children = (
				366F1E1A297326EA00565783 /* Workflow.app */,
				366F1E2A297326ED00565783 /* WorkflowTests.xctest */,
				366F1E34297326ED00565783 /* WorkflowUITests.xctest */,
			);
			name = Products;
			sourceTree = "<group>";
		};
		366F1E1C297326EA00565783 /* Workflow */ = {
			isa = PBXGroup;
			children = (
				366F1E1D297326EA00565783 /* WorkflowApp.swift */,
				366F1E1F297326EA00565783 /* ContentView.swift */,
				366F1E21297326ED00565783 /* Assets.xcassets */,
				366F1E23297326ED00565783 /* Preview Content */,
			);
			path = Workflow;
			sourceTree = "<group>";
		};
		366F1E23297326ED00565783 /* Preview Content */ = {
			isa = PBXGroup;
			children = (
				366F1E24297326ED00565783 /* Preview Assets.xcassets */,
			);
			path = "Preview Content";
			sourceTree = "<group>";
		};
		366F1E2D297326ED00565783 /* WorkflowTests */ = {
			isa = PBXGroup;
			children = (
				366F1E2E297326ED00565783 /* WorkflowTests.swift */,
			);
			path = WorkflowTests;
			sourceTree = "<group>";
		};
		366F1E37297326ED00565783 /* WorkflowUITests */ = {
			isa = PBXGroup;
			children = (
				366F1E38297326ED00565783 /* WorkflowUITests.swift */,
				366F1E3A297326ED00565783 /* WorkflowUITestsLaunchTests.swift */,
			);
			path = WorkflowUITests;
			sourceTree = "<group>";
		};
/* End PBXGroup section */

/* Begin PBXNativeTarget section */
		366F1E19297326EA00565783 /* Workflow */ = {
			isa = PBXNativeTarget;
			buildConfigurationList = 366F1E3E297326ED00565783 /* Build configuration list for PBXNativeTarget "Workflow" */;
			buildPhases = (
				366F1E16297326EA00565783 /* Sources */,
				366F1E17297326EA00565783 /* Frameworks */,
				366F1E18297326EA00565783 /* Resources */,
			);
			buildRules = (
			);
			dependencies = (
			);
			name = Workflow;
			productName = Workflow;
			productReference = 366F1E1A297326EA00565783 /* Workflow.app */;
			productType = "com.apple.product-type.application";
		};
		366F1E29297326ED00565783 /* WorkflowTests */ = {
			isa = PBXNativeTarget;
			buildConfigurationList = 366F1E41297326ED00565783 /* Build configuration list for PBXNativeTarget "WorkflowTests" */;
			buildPhases = (
				366F1E26297326ED00565783 /* Sources */,
				366F1E27297326ED00565783 /* Frameworks */,
				366F1E28297326ED00565783 /* Resources */,
			);
			buildRules = (
			);
			dependencies = (
				366F1E2C297326ED00565783 /* PBXTargetDependency */,
			);
			name = WorkflowTests;
			productName = WorkflowTests;
			productReference = 366F1E2A297326ED00565783 /* WorkflowTests.xctest */;
			productType = "com.apple.product-type.bundle.unit-test";
		};
		366F1E33297326ED00565783 /* WorkflowUITests */ = {
			isa = PBXNativeTarget;
			buildConfigurationList = 366F1E44297326ED00565783 /* Build configuration list for PBXNativeTarget "WorkflowUITests" */;
			buildPhases = (
				366F1E30297326ED00565783 /* Sources */,
				366F1E31297326ED00565783 /* Frameworks */,
				366F1E32297326ED00565783 /* Resources */,
			);
			buildRules = (
			);
			dependencies = (
				366F1E36297326ED00565783 /* PBXTargetDependency */,
			);
			name = WorkflowUITests;
			productName = WorkflowUITests;
			productReference = 366F1E34297326ED00565783 /* WorkflowUITests.xctest */;
			productType = "com.apple.product-type.bundle.ui-testing";
		};
/* End PBXNativeTarget section */

/* Begin PBXProject section */
		366F1E12297326EA00565783 /* Project object */ = {
			isa = PBXProject;
			attributes = {
				BuildIndependentTargetsInParallel = 1;
				LastSwiftUpdateCheck = 1320;
				LastUpgradeCheck = 1320;
				TargetAttributes = {
					366F1E19297326EA00565783 = {
						CreatedOnToolsVersion = 13.2.1;
					};
					366F1E29297326ED00565783 = {
						CreatedOnToolsVersion = 13.2.1;
						TestTargetID = 366F1E19297326EA00565783;
					};
					366F1E33297326ED00565783 = {
						CreatedOnToolsVersion = 13.2.1;
						TestTargetID = 366F1E19297326EA00565783;
					};
				};
			};
			buildConfigurationList = 366F1E15297326EA00565783 /* Build configuration list for PBXProject "Workflow" */;
			compatibilityVersion = "Xcode 13.0";
			developmentRegion = en;
			hasScannedForEncodings = 0;
			knownRegions = (
				en,
				Base,
			);
			mainGroup = 366F1E11297326EA00565783;
			productRefGroup = 366F1E1B297326EA00565783 /* Products */;
			projectDirPath = "";
			projectRoot = "";
			targets = (
				366F1E19297326EA00565783 /* Workflow */,
				366F1E29297326ED00565783 /* WorkflowTests */,
				366F1E33297326ED00565783 /* WorkflowUITests */,
			);
		};
/* End PBXProject section */

/* Begin PBXResourcesBuildPhase section */
		366F1E18297326EA00565783 /* Resources */ = {
			isa = PBXResourcesBuildPhase;
			buildActionMask = 2147483647;
			files = (
				366F1E25297326ED00565783 /* Preview Assets.xcassets in Resources */,
				366F1E22297326ED00565783 /* Assets.xcassets in Resources */,
			);
			runOnlyForDeploymentPostprocessing = 0;
		};
		366F1E28297326ED00565783 /* Resources */ = {
			isa = PBXResourcesBuildPhase;
			buildActionMask = 2147483647;
			files = (
			);
			runOnlyForDeploymentPostprocessing = 0;
		};
		366F1E32297326ED00565783 /* Resources */ = {
			isa = PBXResourcesBuildPhase;
			buildActionMask = 2147483647;
			files = (
			);
			runOnlyForDeploymentPostprocessing = 0;
		};
/* End PBXResourcesBuildPhase section */

/* Begin PBXSourcesBuildPhase section */
		366F1E16297326EA00565783 /* Sources */ = {
			isa = PBXSourcesBuildPhase;
			buildActionMask = 2147483647;
			files = (
				366F1E20297326EA00565783 /* ContentView.swift in Sources */,
				366F1E1E297326EA00565783 /* WorkflowApp.swift in Sources */,
			);
			runOnlyForDeploymentPostprocessing = 0;
		};
		366F1E26297326ED00565783 /* Sources */ = {
			isa = PBXSourcesBuildPhase;
			buildActionMask = 2147483647;
			files = (
				366F1E2F297326ED00565783 /* WorkflowTests.swift in Sources */,
			);
			runOnlyForDeploymentPostprocessing = 0;
		};
		366F1E30297326ED00565783 /* Sources */ = {
			isa = PBXSourcesBuildPhase;
			buildActionMask = 2147483647;
			files = (
				366F1E3B297326ED00565783 /* WorkflowUITestsLaunchTests.swift in Sources */,
				366F1E39297326ED00565783 /* WorkflowUITests.swift in Sources */,
			);
			runOnlyForDeploymentPostprocessing = 0;
		};
/* End PBXSourcesBuildPhase section */

/* Begin PBXTargetDependency section */
		366F1E2C297326ED00565783 /* PBXTargetDependency */ = {
			isa = PBXTargetDependency;
			target = 366F1E19297326EA00565783 /* Workflow */;
			targetProxy = 366F1E2B297326ED00565783 /* PBXContainerItemProxy */;
		};
		366F1E36297326ED00565783 /* PBXTargetDependency */ = {
			isa = PBXTargetDependency;
			target = 366F1E19297326EA00565783 /* Workflow */;
			targetProxy = 366F1E35297326ED00565783 /* PBXContainerItemProxy */;
		};
/* End PBXTargetDependency section */

/* Begin XCBuildConfiguration section */
		366F1E3C297326ED00565783 /* Debug */ = {
			isa = XCBuildConfiguration;
			buildSettings = {
				ALWAYS_SEARCH_USER_PATHS = NO;
				CLANG_ANALYZER_NONNULL = YES;
				CLANG_ANALYZER_NUMBER_OBJECT_CONVERSION = YES_AGGRESSIVE;
				CLANG_CXX_LANGUAGE_STANDARD = "gnu++17";
				CLANG_CXX_LIBRARY = "libc++";
				CLANG_ENABLE_MODULES = YES;
				CLANG_ENABLE_OBJC_ARC = YES;
				CLANG_ENABLE_OBJC_WEAK = YES;
				CLANG_WARN_BLOCK_CAPTURE_AUTORELEASING = YES;
				CLANG_WARN_BOOL_CONVERSION = YES;
				CLANG_WARN_COMMA = YES;
				CLANG_WARN_CONSTANT_CONVERSION = YES;
				CLANG_WARN_DEPRECATED_OBJC_IMPLEMENTATIONS = YES;
				CLANG_WARN_DIRECT_OBJC_ISA_USAGE = YES_ERROR;
				CLANG_WARN_DOCUMENTATION_COMMENTS = YES;
				CLANG_WARN_EMPTY_BODY = YES;
				CLANG_WARN_ENUM_CONVERSION = YES;
				CLANG_WARN_INFINITE_RECURSION = YES;
				CLANG_WARN_INT_CONVERSION = YES;
				CLANG_WARN_NON_LITERAL_NULL_CONVERSION = YES;
				CLANG_WARN_OBJC_IMPLICIT_RETAIN_SELF = YES;
				CLANG_WARN_OBJC_LITERAL_CONVERSION = YES;
				CLANG_WARN_OBJC_ROOT_CLASS = YES_ERROR;
				CLANG_WARN_QUOTED_INCLUDE_IN_FRAMEWORK_HEADER = YES;
				CLANG_WARN_RANGE_LOOP_ANALYSIS = YES;
				CLANG_WARN_STRICT_PROTOTYPES = YES;
				CLANG_WARN_SUSPICIOUS_MOVE = YES;
				CLANG_WARN_UNGUARDED_AVAILABILITY = YES_AGGRESSIVE;
				CLANG_WARN_UNREACHABLE_CODE = YES;
				CLANG_WARN__DUPLICATE_METHOD_MATCH = YES;
				COPY_PHASE_STRIP = NO;
				DEBUG_INFORMATION_FORMAT = dwarf;
				ENABLE_STRICT_OBJC_MSGSEND = YES;
				ENABLE_TESTABILITY = YES;
				GCC_C_LANGUAGE_STANDARD = gnu11;
				GCC_DYNAMIC_NO_PIC = NO;
				GCC_NO_COMMON_BLOCKS = YES;
				GCC_OPTIMIZATION_LEVEL = 0;
				GCC_PREPROCESSOR_DEFINITIONS = (
					"DEBUG=1",
					"$(inherited)",
				);
				GCC_WARN_64_TO_32_BIT_CONVERSION = YES;
				GCC_WARN_ABOUT_RETURN_TYPE = YES_ERROR;
				GCC_WARN_UNDECLARED_SELECTOR = YES;
				GCC_WARN_UNINITIALIZED_AUTOS = YES_AGGRESSIVE;
				GCC_WARN_UNUSED_FUNCTION = YES;
				GCC_WARN_UNUSED_VARIABLE = YES;
				IPHONEOS_DEPLOYMENT_TARGET = 15.2;
				MTL_ENABLE_DEBUG_INFO = INCLUDE_SOURCE;
				MTL_FAST_MATH = YES;
				ONLY_ACTIVE_ARCH = YES;
				SDKROOT = iphoneos;
				SWIFT_ACTIVE_COMPILATION_CONDITIONS = DEBUG;
				SWIFT_OPTIMIZATION_LEVEL = "-Onone";
			};
			name = Debug;
		};
		366F1E3D297326ED00565783 /* Release */ = {
			isa = XCBuildConfiguration;
			buildSettings = {
				ALWAYS_SEARCH_USER_PATHS = NO;
				CLANG_ANALYZER_NONNULL = YES;
				CLANG_ANALYZER_NUMBER_OBJECT_CONVERSION = YES_AGGRESSIVE;
				CLANG_CXX_LANGUAGE_STANDARD = "gnu++17";
				CLANG_CXX_LIBRARY = "libc++";
				CLANG_ENABLE_MODULES = YES;
				CLANG_ENABLE_OBJC_ARC = YES;
				CLANG_ENABLE_OBJC_WEAK = YES;
				CLANG_WARN_BLOCK_CAPTURE_AUTORELEASING = YES;
				CLANG_WARN_BOOL_CONVERSION = YES;
				CLANG_WARN_COMMA = YES;
				CLANG_WARN_CONSTANT_CONVERSION = YES;
				CLANG_WARN_DEPRECATED_OBJC_IMPLEMENTATIONS = YES;
				CLANG_WARN_DIRECT_OBJC_ISA_USAGE = YES_ERROR;
				CLANG_WARN_DOCUMENTATION_COMMENTS = YES;
				CLANG_WARN_EMPTY_BODY = YES;
				CLANG_WARN_ENUM_CONVERSION = YES;
				CLANG_WARN_INFINITE_RECURSION = YES;
				CLANG_WARN_INT_CONVERSION = YES;
				CLANG_WARN_NON_LITERAL_NULL_CONVERSION = YES;
				CLANG_WARN_OBJC_IMPLICIT_RETAIN_SELF = YES;
				CLANG_WARN_OBJC_LITERAL_CONVERSION = YES;
				CLANG_WARN_OBJC_ROOT_CLASS = YES_ERROR;
				CLANG_WARN_QUOTED_INCLUDE_IN_FRAMEWORK_HEADER = YES;
				CLANG_WARN_RANGE_LOOP_ANALYSIS = YES;
				CLANG_WARN_STRICT_PROTOTYPES = YES;
				CLANG_WARN_SUSPICIOUS_MOVE = YES;
				CLANG_WARN_UNGUARDED_AVAILABILITY = YES_AGGRESSIVE;
				CLANG_WARN_UNREACHABLE_CODE = YES;
				CLANG_WARN__DUPLICATE_METHOD_MATCH = YES;
				COPY_PHASE_STRIP = NO;
				DEBUG_INFORMATION_FORMAT = "dwarf-with-dsym";
				ENABLE_NS_ASSERTIONS = NO;
				ENABLE_STRICT_OBJC_MSGSEND = YES;
				GCC_C_LANGUAGE_STANDARD = gnu11;
				GCC_NO_COMMON_BLOCKS = YES;
				GCC_WARN_64_TO_32_BIT_CONVERSION = YES;
				GCC_WARN_ABOUT_RETURN_TYPE = YES_ERROR;
				GCC_WARN_UNDECLARED_SELECTOR = YES;
				GCC_WARN_UNINITIALIZED_AUTOS = YES_AGGRESSIVE;
				GCC_WARN_UNUSED_FUNCTION = YES;
				GCC_WARN_UNUSED_VARIABLE = YES;
				IPHONEOS_DEPLOYMENT_TARGET = 15.2;
				MTL_ENABLE_DEBUG_INFO = NO;
				MTL_FAST_MATH = YES;
				SDKROOT = iphoneos;
				SWIFT_COMPILATION_MODE = wholemodule;
				SWIFT_OPTIMIZATION_LEVEL = "-O";
				VALIDATE_PRODUCT = YES;
			};
			name = Release;
		};
		366F1E3F297326ED00565783 /* Debug */ = {
			isa = XCBuildConfiguration;
			buildSettings = {
				ASSETCATALOG_COMPILER_APPICON_NAME = AppIcon;
				ASSETCATALOG_COMPILER_GLOBAL_ACCENT_COLOR_NAME = AccentColor;
				CODE_SIGN_STYLE = Automatic;
				CURRENT_PROJECT_VERSION = 1;
				DEVELOPMENT_ASSET_PATHS = "\"Workflow/Preview Content\"";
				ENABLE_PREVIEWS = YES;
				GENERATE_INFOPLIST_FILE = YES;
				INFOPLIST_KEY_UIApplicationSceneManifest_Generation = YES;
				INFOPLIST_KEY_UIApplicationSupportsIndirectInputEvents = YES;
				INFOPLIST_KEY_UILaunchScreen_Generation = YES;
				INFOPLIST_KEY_UISupportedInterfaceOrientations_iPad = "UIInterfaceOrientationPortrait UIInterfaceOrientationPortraitUpsideDown UIInterfaceOrientationLandscapeLeft UIInterfaceOrientationLandscapeRight";
				INFOPLIST_KEY_UISupportedInterfaceOrientations_iPhone = "UIInterfaceOrientationPortrait UIInterfaceOrientationLandscapeLeft UIInterfaceOrientationLandscapeRight";
				LD_RUNPATH_SEARCH_PATHS = (
					"$(inherited)",
					"@executable_path/Frameworks",
				);
				MARKETING_VERSION = 1.0;
				PRODUCT_BUNDLE_IDENTIFIER = edu.pdu.ssk5399.Workflow;
				PRODUCT_NAME = "$(TARGET_NAME)";
				SWIFT_EMIT_LOC_STRINGS = YES;
				SWIFT_VERSION = 5.0;
				TARGETED_DEVICE_FAMILY = "1,2";
			};
			name = Debug;
		};
		366F1E40297326ED00565783 /* Release */ = {
			isa = XCBuildConfiguration;
			buildSettings = {
				ASSETCATALOG_COMPILER_APPICON_NAME = AppIcon;
				ASSETCATALOG_COMPILER_GLOBAL_ACCENT_COLOR_NAME = AccentColor;
				CODE_SIGN_STYLE = Automatic;
				CURRENT_PROJECT_VERSION = 1;
				DEVELOPMENT_ASSET_PATHS = "\"Workflow/Preview Content\"";
				ENABLE_PREVIEWS = YES;
				GENERATE_INFOPLIST_FILE = YES;
				INFOPLIST_KEY_UIApplicationSceneManifest_Generation = YES;
				INFOPLIST_KEY_UIApplicationSupportsIndirectInputEvents = YES;
				INFOPLIST_KEY_UILaunchScreen_Generation = YES;
				INFOPLIST_KEY_UISupportedInterfaceOrientations_iPad = "UIInterfaceOrientationPortrait UIInterfaceOrientationPortraitUpsideDown UIInterfaceOrientationLandscapeLeft UIInterfaceOrientationLandscapeRight";
				INFOPLIST_KEY_UISupportedInterfaceOrientations_iPhone = "UIInterfaceOrientationPortrait UIInterfaceOrientationLandscapeLeft UIInterfaceOrientationLandscapeRight";
				LD_RUNPATH_SEARCH_PATHS = (
					"$(inherited)",
					"@executable_path/Frameworks",
				);
				MARKETING_VERSION = 1.0;
				PRODUCT_BUNDLE_IDENTIFIER = edu.pdu.ssk5399.Workflow;
				PRODUCT_NAME = "$(TARGET_NAME)";
				SWIFT_EMIT_LOC_STRINGS = YES;
				SWIFT_VERSION = 5.0;
				TARGETED_DEVICE_FAMILY = "1,2";
			};
			name = Release;
		};
		366F1E42297326ED00565783 /* Debug */ = {
			isa = XCBuildConfiguration;
			buildSettings = {
				ALWAYS_EMBED_SWIFT_STANDARD_LIBRARIES = YES;
				BUNDLE_LOADER = "$(TEST_HOST)";
				CODE_SIGN_STYLE = Automatic;
				CURRENT_PROJECT_VERSION = 1;
				GENERATE_INFOPLIST_FILE = YES;
				IPHONEOS_DEPLOYMENT_TARGET = 15.2;
				MARKETING_VERSION = 1.0;
				PRODUCT_BUNDLE_IDENTIFIER = edu.pdu.ssk5399.WorkflowTests;
				PRODUCT_NAME = "$(TARGET_NAME)";
				SWIFT_EMIT_LOC_STRINGS = NO;
				SWIFT_VERSION = 5.0;
				TARGETED_DEVICE_FAMILY = "1,2";
				TEST_HOST = "$(BUILT_PRODUCTS_DIR)/Workflow.app/Workflow";
			};
			name = Debug;
		};
		366F1E43297326ED00565783 /* Release */ = {
			isa = XCBuildConfiguration;
			buildSettings = {
				ALWAYS_EMBED_SWIFT_STANDARD_LIBRARIES = YES;
				BUNDLE_LOADER = "$(TEST_HOST)";
				CODE_SIGN_STYLE = Automatic;
				CURRENT_PROJECT_VERSION = 1;
				GENERATE_INFOPLIST_FILE = YES;
				IPHONEOS_DEPLOYMENT_TARGET = 15.2;
				MARKETING_VERSION = 1.0;
				PRODUCT_BUNDLE_IDENTIFIER = edu.pdu.ssk5399.WorkflowTests;
				PRODUCT_NAME = "$(TARGET_NAME)";
				SWIFT_EMIT_LOC_STRINGS = NO;
				SWIFT_VERSION = 5.0;
				TARGETED_DEVICE_FAMILY = "1,2";
				TEST_HOST = "$(BUILT_PRODUCTS_DIR)/Workflow.app/Workflow";
			};
			name = Release;
		};
		366F1E45297326ED00565783 /* Debug */ = {
			isa = XCBuildConfiguration;
			buildSettings = {
				ALWAYS_EMBED_SWIFT_STANDARD_LIBRARIES = YES;
				CODE_SIGN_STYLE = Automatic;
				CURRENT_PROJECT_VERSION = 1;
				GENERATE_INFOPLIST_FILE = YES;
				MARKETING_VERSION = 1.0;
				PRODUCT_BUNDLE_IDENTIFIER = edu.pdu.ssk5399.WorkflowUITests;
				PRODUCT_NAME = "$(TARGET_NAME)";
				SWIFT_EMIT_LOC_STRINGS = NO;
				SWIFT_VERSION = 5.0;
				TARGETED_DEVICE_FAMILY = "1,2";
				TEST_TARGET_NAME = Workflow;
			};
			name = Debug;
		};
		366F1E46297326ED00565783 /* Release */ = {
			isa = XCBuildConfiguration;
			buildSettings = {
				ALWAYS_EMBED_SWIFT_STANDARD_LIBRARIES = YES;
				CODE_SIGN_STYLE = Automatic;
				CURRENT_PROJECT_VERSION = 1;
				GENERATE_INFOPLIST_FILE = YES;
				MARKETING_VERSION = 1.0;
				PRODUCT_BUNDLE_IDENTIFIER = edu.pdu.ssk5399.WorkflowUITests;
				PRODUCT_NAME = "$(TARGET_NAME)";
				SWIFT_EMIT_LOC_STRINGS = NO;
				SWIFT_VERSION = 5.0;
				TARGETED_DEVICE_FAMILY = "1,2";
				TEST_TARGET_NAME = Workflow;
			};
			name = Release;
		};
/* End XCBuildConfiguration section */

/* Begin XCConfigurationList section */
		366F1E15297326EA00565783 /* Build configuration list for PBXProject "Workflow" */ = {
			isa = XCConfigurationList;
			buildConfigurations = (
				366F1E3C297326ED00565783 /* Debug */,
				366F1E3D297326ED00565783 /* Release */,
			);
			defaultConfigurationIsVisible = 0;
			defaultConfigurationName = Release;
		};
		366F1E3E297326ED00565783 /* Build configuration list for PBXNativeTarget "Workflow" */ = {
			isa = XCConfigurationList;
			buildConfigurations = (
				366F1E3F297326ED00565783 /* Debug */,
				366F1E40297326ED00565783 /* Release */,
			);
			defaultConfigurationIsVisible = 0;
			defaultConfigurationName = Release;
		};
		366F1E41297326ED00565783 /* Build configuration list for PBXNativeTarget "WorkflowTests" */ = {
			isa = XCConfigurationList;
			buildConfigurations = (
				366F1E42297326ED00565783 /* Debug */,
				366F1E43297326ED00565783 /* Release */,
			);
			defaultConfigurationIsVisible = 0;
			defaultConfigurationName = Release;
		};
		366F1E44297326ED00565783 /* Build configuration list for PBXNativeTarget "WorkflowUITests" */ = {
			isa = XCConfigurationList;
			buildConfigurations = (
				366F1E45297326ED00565783 /* Debug */,
				366F1E46297326ED00565783 /* Release */,
			);
			defaultConfigurationIsVisible = 0;
			defaultConfigurationName = Release;
		};
/* End XCConfigurationList section */
	};
	rootObject = 366F1E12297326EA00565783 /* Project object */;
}
